
Microsoft Visual Studio Solution File, Format Version 12.00
# Visual Studio Version 17
VisualStudioVersion = 17.2.32505.173
MinimumVisualStudioVersion = 10.0.40219.1
Project("{FAE04EC0-301F-11D3-BF4B-00C04F79EFBC}") = "vacina-tracker-1", "vacina-tracker-1\vacina-tracker-1.csproj", "{EC1CD34A-7CD9-422F-8F6E-F1E7DCE96652}"
EndProject
Global
	GlobalSection(SolutionConfigurationPlatforms) = preSolution
		Debug|Any CPU = Debug|Any CPU
		Release|Any CPU = Release|Any CPU
	EndGlobalSection
	GlobalSection(ProjectConfigurationPlatforms) = postSolution
		{EC1CD34A-7CD9-422F-8F6E-F1E7DCE96652}.Debug|Any CPU.ActiveCfg = Debug|Any CPU
		{EC1CD34A-7CD9-422F-8F6E-F1E7DCE96652}.Debug|Any CPU.Build.0 = Debug|Any CPU
		{EC1CD34A-7CD9-422F-8F6E-F1E7DCE96652}.Release|Any CPU.ActiveCfg = Release|Any CPU
		{EC1CD34A-7CD9-422F-8F6E-F1E7DCE96652}.Release|Any CPU.Build.0 = Release|Any CPU
	EndGlobalSection
	GlobalSection(SolutionProperties) = preSolution
		HideSolutionNode = FALSE
	EndGlobalSection
	GlobalSection(ExtensibilityGlobals) = postSolution
		SolutionGuid = {98E37A61-7674-4251-9BCB-87B22CD36133}
	EndGlobalSection
EndGlobal
