
Microsoft Visual Studio Solution File, Format Version 12.00
# Visual Studio Version 17
VisualStudioVersion = 17.2.32505.173
MinimumVisualStudioVersion = 10.0.40219.1
Project("{FAE04EC0-301F-11D3-BF4B-00C04F79EFBC}") = "vacina-tracker-v4", "vacina-tracker-v4\vacina-tracker-v4.csproj", "{650E21D4-F073-4233-85B5-76BF5CD28B16}"
EndProject
Global
	GlobalSection(SolutionConfigurationPlatforms) = preSolution
		Debug|Any CPU = Debug|Any CPU
		Release|Any CPU = Release|Any CPU
	EndGlobalSection
	GlobalSection(ProjectConfigurationPlatforms) = postSolution
		{650E21D4-F073-4233-85B5-76BF5CD28B16}.Debug|Any CPU.ActiveCfg = Debug|Any CPU
		{650E21D4-F073-4233-85B5-76BF5CD28B16}.Debug|Any CPU.Build.0 = Debug|Any CPU
		{650E21D4-F073-4233-85B5-76BF5CD28B16}.Release|Any CPU.ActiveCfg = Release|Any CPU
		{650E21D4-F073-4233-85B5-76BF5CD28B16}.Release|Any CPU.Build.0 = Release|Any CPU
	EndGlobalSection
	GlobalSection(SolutionProperties) = preSolution
		HideSolutionNode = FALSE
	EndGlobalSection
	GlobalSection(ExtensibilityGlobals) = postSolution
		SolutionGuid = {020D0015-0CFF-4B89-A9F2-9757E7EDE310}
	EndGlobalSection
EndGlobal
